{
  "nodes": {
    "home-manager": {
      "inputs": {
        "nixpkgs": "nixpkgs"
      },
      "locked": {
        "lastModified": 1726989464,
        "narHash": "sha256-Vl+WVTJwutXkimwGprnEtXc/s/s8sMuXzqXaspIGlwM=",
        "owner": "nix-community",
        "repo": "home-manager",
        "rev": "2f23fa308a7c067e52dfcc30a0758f47043ec176",
        "type": "github"
      },
      "original": {
        "owner": "nix-community",
        "ref": "release-24.05",
        "repo": "home-manager",
        "type": "github"
      }
    },
    "mktoc": {
      "inputs": {
        "nixpkgs": "nixpkgs_2"
      },
      "locked": {
        "lastModified": 1,
        "narHash": "sha256-zZuKzOVzk5Mfck4NSdJueTAWnTHI5NjpFch3HhJ7WTQ=",
        "path": "./pkgs/mktoc",
        "type": "path"
      },
      "original": {
        "path": "./pkgs/mktoc",
        "type": "path"
      }
    },
    "nixpkgs": {
      "locked": {
        "lastModified": 1728067476,
        "narHash": "sha256-/uJcVXuBt+VFCPQIX+4YnYrHaubJSx4HoNsJVNRgANM=",
        "owner": "NixOS",
        "repo": "nixpkgs",
        "rev": "6e6b3dd395c3b1eb9be9f2d096383a8d05add030",
        "type": "github"
      },
      "original": {
        "owner": "NixOS",
        "ref": "nixos-24.05",
        "repo": "nixpkgs",
        "type": "github"
      }
    },
    "nixpkgs_2": {
      "locked": {
        "lastModified": 1719468428,
        "narHash": "sha256-vN5xJAZ4UGREEglh3lfbbkIj+MPEYMuqewMn4atZFaQ=",
        "owner": "NixOS",
        "repo": "nixpkgs",
        "rev": "1e3deb3d8a86a870d925760db1a5adecc64d329d",
        "type": "github"
      },
      "original": {
        "id": "nixpkgs",
        "type": "indirect"
      }
    },
    "nixpkgs_3": {
      "locked": {
        "lastModified": 1728067476,
        "narHash": "sha256-/uJcVXuBt+VFCPQIX+4YnYrHaubJSx4HoNsJVNRgANM=",
        "owner": "NixOS",
        "repo": "nixpkgs",
        "rev": "6e6b3dd395c3b1eb9be9f2d096383a8d05add030",
        "type": "github"
      },
      "original": {
        "owner": "NixOS",
        "ref": "nixos-24.05",
        "repo": "nixpkgs",
        "type": "github"
      }
    },
    "nixpkgs_4": {
      "locked": {
        "lastModified": 1719468428,
        "narHash": "sha256-vN5xJAZ4UGREEglh3lfbbkIj+MPEYMuqewMn4atZFaQ=",
        "owner": "NixOS",
        "repo": "nixpkgs",
        "rev": "1e3deb3d8a86a870d925760db1a5adecc64d329d",
        "type": "github"
      },
      "original": {
        "id": "nixpkgs",
        "type": "indirect"
      }
    },
    "reader": {
      "inputs": {
        "nixpkgs": "nixpkgs_4"
      },
      "locked": {
        "lastModified": 1,
        "narHash": "sha256-wK2TYa/hsBSSAfmnL2L6btQVg33Lih2eU6ikgXHQ+rw=",
        "path": "./pkgs/reader",
        "type": "path"
      },
      "original": {
        "path": "./pkgs/reader",
        "type": "path"
      }
    },
    "root": {
      "inputs": {
        "home-manager": "home-manager",
        "mktoc": "mktoc",
        "nixpkgs": "nixpkgs_3",
        "reader": "reader",
        "testpkgs": "testpkgs",
        "unstable": "unstable"
      }
    },
    "testpkgs": {
      "locked": {
        "lastModified": 1744216665,
        "narHash": "sha256-UzOaXSTM0D8sI4CgmpGIIWXU/5T6g6cabFnRO77IeIE=",
        "owner": "NixOS",
        "repo": "nixpkgs",
        "rev": "bc0b105ed11afa4d073e2b60ce6b94c1a72253bc",
        "type": "github"
      },
      "original": {
        "owner": "NixOS",
        "repo": "nixpkgs",
        "rev": "bc0b105ed11afa4d073e2b60ce6b94c1a72253bc",
        "type": "github"
      }
    },
    "unstable": {
      "locked": {
        "lastModified": 1744216665,
        "narHash": "sha256-UzOaXSTM0D8sI4CgmpGIIWXU/5T6g6cabFnRO77IeIE=",
        "owner": "NixOS",
        "repo": "nixpkgs",
        "rev": "bc0b105ed11afa4d073e2b60ce6b94c1a72253bc",
        "type": "github"
      },
      "original": {
        "owner": "NixOS",
        "repo": "nixpkgs",
        "rev": "bc0b105ed11afa4d073e2b60ce6b94c1a72253bc",
        "type": "github"
      }
    }
  },
  "root": "root",
  "version": 7
}
