{
  "nodes": {
    "home-manager": {
      "inputs": {
        "nixpkgs": "nixpkgs"
      },
      "locked": {
        "lastModified": 1750792728,
        "narHash": "sha256-Lh3dopA8DdY+ZoaAJPrtkZOZaFEJGSYjOdAYYgOPgE4=",
        "owner": "nix-community",
        "repo": "home-manager",
        "rev": "366f00797b1efb70f2882d3da485e3c10fd3d557",
        "type": "github"
      },
      "original": {
        "owner": "nix-community",
        "ref": "release-25.05",
        "repo": "home-manager",
        "type": "github"
      }
    },
    "nixpkgs": {
      "locked": {
        "lastModified": 1750969886,
        "narHash": "sha256-zW/OFnotiz/ndPFdebpo3X0CrbVNf22n4DjN2vxlb58=",
        "owner": "NixOS",
        "repo": "nixpkgs",
        "rev": "a676066377a2fe7457369dd37c31fd2263b662f4",
        "type": "github"
      },
      "original": {
        "owner": "NixOS",
        "ref": "nixos-25.05",
        "repo": "nixpkgs",
        "type": "github"
      }
    },
    "nixpkgs_2": {
      "locked": {
        "lastModified": 1764115444,
        "narHash": "sha256-AcwR4Lt4nZCOky+73iKF9iBf3RmabvNcK8HuExLCahg=",
        "owner": "NixOS",
        "repo": "nixpkgs",
        "rev": "9243f3e5dc86ed8c61c09da1fa0493a87b150621",
        "type": "github"
      },
      "original": {
        "owner": "NixOS",
        "repo": "nixpkgs",
        "rev": "9243f3e5dc86ed8c61c09da1fa0493a87b150621",
        "type": "github"
      }
    },
    "root": {
      "inputs": {
        "home-manager": "home-manager",
        "nixpkgs": "nixpkgs_2",
        "testpkgs": "testpkgs",
        "unstable": "unstable"
      }
    },
    "testpkgs": {
      "locked": {
        "lastModified": 1763452286,
        "narHash": "sha256-JBPhcRQYfsMxzjniN1b4mU2lKABQx0grt3og4tvvUGY=",
        "owner": "NixOS",
        "repo": "nixpkgs",
        "rev": "d2a32fd9a82b25f934b4ea8e5e90e704ad681a1d",
        "type": "github"
      },
      "original": {
        "owner": "NixOS",
        "repo": "nixpkgs",
        "rev": "d2a32fd9a82b25f934b4ea8e5e90e704ad681a1d",
        "type": "github"
      }
    },
    "unstable": {
      "locked": {
        "lastModified": 1763452286,
        "narHash": "sha256-JBPhcRQYfsMxzjniN1b4mU2lKABQx0grt3og4tvvUGY=",
        "owner": "NixOS",
        "repo": "nixpkgs",
        "rev": "d2a32fd9a82b25f934b4ea8e5e90e704ad681a1d",
        "type": "github"
      },
      "original": {
        "owner": "NixOS",
        "repo": "nixpkgs",
        "rev": "d2a32fd9a82b25f934b4ea8e5e90e704ad681a1d",
        "type": "github"
      }
    }
  },
  "root": "root",
  "version": 7
}
